
Microsoft Visual Studio Solution File, Format Version 12.00
# Visual Studio Version 16
VisualStudioVersion = 16.0.33423.256
MinimumVisualStudioVersion = 10.0.40219.1
Project("{FAE04EC0-301F-11D3-BF4B-00C04F79EFBC}") = "PF Week 1", "PF Week 1\PF Week 1.csproj", "{DAAACDF7-FE4C-44B6-A2A8-17AF47E811A5}"
EndProject
Global
	GlobalSection(SolutionConfigurationPlatforms) = preSolution
		Debug|Any CPU = Debug|Any CPU
		Release|Any CPU = Release|Any CPU
	EndGlobalSection
	GlobalSection(ProjectConfigurationPlatforms) = postSolution
		{DAAACDF7-FE4C-44B6-A2A8-17AF47E811A5}.Debug|Any CPU.ActiveCfg = Debug|Any CPU
		{DAAACDF7-FE4C-44B6-A2A8-17AF47E811A5}.Debug|Any CPU.Build.0 = Debug|Any CPU
		{DAAACDF7-FE4C-44B6-A2A8-17AF47E811A5}.Release|Any CPU.ActiveCfg = Release|Any CPU
		{DAAACDF7-FE4C-44B6-A2A8-17AF47E811A5}.Release|Any CPU.Build.0 = Release|Any CPU
	EndGlobalSection
	GlobalSection(SolutionProperties) = preSolution
		HideSolutionNode = FALSE
	EndGlobalSection
	GlobalSection(ExtensibilityGlobals) = postSolution
		SolutionGuid = {B170B1FB-F09C-4C51-B71D-4C1B32016225}
	EndGlobalSection
EndGlobal
